// !$*UTF8*$!
{
	archiveVersion = 1;
	classes = {
	};
	objectVersion = 55;
	objects = {

/* Begin PBXBuildFile section */
		8B0E6C72270DFE0B00A8513C /* DashboardView .swift in Sources */ = {isa = PBXBuildFile; fileRef = 8B0E6C71270DFE0B00A8513C /* DashboardView .swift */; };
		8B0E6C74270E2DAD00A8513C /* ControlView.swift in Sources */ = {isa = PBXBuildFile; fileRef = 8B0E6C73270E2DAD00A8513C /* ControlView.swift */; };
		8BAB052C270C94A500D34FA6 /* CyberAutoApp.swift in Sources */ = {isa = PBXBuildFile; fileRef = 8BAB052B270C94A500D34FA6 /* CyberAutoApp.swift */; };
		8BAB052E270C94A500D34FA6 /* ContentView.swift in Sources */ = {isa = PBXBuildFile; fileRef = 8BAB052D270C94A500D34FA6 /* ContentView.swift */; };
		8BAB0530270C94A700D34FA6 /* Assets.xcassets in Resources */ = {isa = PBXBuildFile; fileRef = 8BAB052F270C94A700D34FA6 /* Assets.xcassets */; };
		8BAB0533270C94A700D34FA6 /* Preview Assets.xcassets in Resources */ = {isa = PBXBuildFile; fileRef = 8BAB0532270C94A700D34FA6 /* Preview Assets.xcassets */; };
		8BAB053B270C957300D34FA6 /* Colors.swift in Sources */ = {isa = PBXBuildFile; fileRef = 8BAB053A270C957300D34FA6 /* Colors.swift */; };
/* End PBXBuildFile section */

/* Begin PBXFileReference section */
		8B0E6C71270DFE0B00A8513C /* DashboardView .swift */ = {isa = PBXFileReference; lastKnownFileType = sourcecode.swift; path = "DashboardView .swift"; sourceTree = "<group>"; };
		8B0E6C73270E2DAD00A8513C /* ControlView.swift */ = {isa = PBXFileReference; lastKnownFileType = sourcecode.swift; path = ControlView.swift; sourceTree = "<group>"; };
		8BAB0528270C94A500D34FA6 /* CyberAuto.app */ = {isa = PBXFileReference; explicitFileType = wrapper.application; includeInIndex = 0; path = CyberAuto.app; sourceTree = BUILT_PRODUCTS_DIR; };
		8BAB052B270C94A500D34FA6 /* CyberAutoApp.swift */ = {isa = PBXFileReference; lastKnownFileType = sourcecode.swift; path = CyberAutoApp.swift; sourceTree = "<group>"; };
		8BAB052D270C94A500D34FA6 /* ContentView.swift */ = {isa = PBXFileReference; lastKnownFileType = sourcecode.swift; path = ContentView.swift; sourceTree = "<group>"; };
		8BAB052F270C94A700D34FA6 /* Assets.xcassets */ = {isa = PBXFileReference; lastKnownFileType = folder.assetcatalog; path = Assets.xcassets; sourceTree = "<group>"; };
		8BAB0532270C94A700D34FA6 /* Preview Assets.xcassets */ = {isa = PBXFileReference; lastKnownFileType = folder.assetcatalog; path = "Preview Assets.xcassets"; sourceTree = "<group>"; };
		8BAB053A270C957300D34FA6 /* Colors.swift */ = {isa = PBXFileReference; lastKnownFileType = sourcecode.swift; path = Colors.swift; sourceTree = "<group>"; };
/* End PBXFileReference section */

/* Begin PBXFrameworksBuildPhase section */
		8BAB0525270C94A500D34FA6 /* Frameworks */ = {
			isa = PBXFrameworksBuildPhase;
			buildActionMask = 2147483647;
			files = (
			);
			runOnlyForDeploymentPostprocessing = 0;
		};
/* End PBXFrameworksBuildPhase section */

/* Begin PBXGroup section */
		8BAB051F270C94A500D34FA6 = {
			isa = PBXGroup;
			children = (
				8BAB052A270C94A500D34FA6 /* CyberAuto */,
				8BAB0529270C94A500D34FA6 /* Products */,
			);
			sourceTree = "<group>";
		};
		8BAB0529270C94A500D34FA6 /* Products */ = {
			isa = PBXGroup;
			children = (
				8BAB0528270C94A500D34FA6 /* CyberAuto.app */,
			);
			name = Products;
			sourceTree = "<group>";
		};
		8BAB052A270C94A500D34FA6 /* CyberAuto */ = {
			isa = PBXGroup;
			children = (
				8BAB052B270C94A500D34FA6 /* CyberAutoApp.swift */,
				8BAB052D270C94A500D34FA6 /* ContentView.swift */,
				8B0E6C71270DFE0B00A8513C /* DashboardView .swift */,
				8B0E6C73270E2DAD00A8513C /* ControlView.swift */,
				8BAB0539270C956700D34FA6 /* Colors */,
				8BAB052F270C94A700D34FA6 /* Assets.xcassets */,
				8BAB0531270C94A700D34FA6 /* Preview Content */,
			);
			path = CyberAuto;
			sourceTree = "<group>";
		};
		8BAB0531270C94A700D34FA6 /* Preview Content */ = {
			isa = PBXGroup;
			children = (
				8BAB0532270C94A700D34FA6 /* Preview Assets.xcassets */,
			);
			path = "Preview Content";
			sourceTree = "<group>";
		};
		8BAB0539270C956700D34FA6 /* Colors */ = {
			isa = PBXGroup;
			children = (
				8BAB053A270C957300D34FA6 /* Colors.swift */,
			);
			path = Colors;
			sourceTree = "<group>";
		};
/* End PBXGroup section */

/* Begin PBXNativeTarget section */
		8BAB0527270C94A500D34FA6 /* CyberAuto */ = {
			isa = PBXNativeTarget;
			buildConfigurationList = 8BAB0536270C94A700D34FA6 /* Build configuration list for PBXNativeTarget "CyberAuto" */;
			buildPhases = (
				8BAB0524270C94A500D34FA6 /* Sources */,
				8BAB0525270C94A500D34FA6 /* Frameworks */,
				8BAB0526270C94A500D34FA6 /* Resources */,
			);
			buildRules = (
			);
			dependencies = (
			);
			name = CyberAuto;
			productName = CyberAuto;
			productReference = 8BAB0528270C94A500D34FA6 /* CyberAuto.app */;
			productType = "com.apple.product-type.application";
		};
/* End PBXNativeTarget section */

/* Begin PBXProject section */
		8BAB0520270C94A500D34FA6 /* Project object */ = {
			isa = PBXProject;
			attributes = {
				BuildIndependentTargetsInParallel = 1;
				LastSwiftUpdateCheck = 1300;
				LastUpgradeCheck = 1300;
				TargetAttributes = {
					8BAB0527270C94A500D34FA6 = {
						CreatedOnToolsVersion = 13.0;
					};
				};
			};
			buildConfigurationList = 8BAB0523270C94A500D34FA6 /* Build configuration list for PBXProject "CyberAuto" */;
			compatibilityVersion = "Xcode 13.0";
			developmentRegion = en;
			hasScannedForEncodings = 0;
			knownRegions = (
				en,
				Base,
			);
			mainGroup = 8BAB051F270C94A500D34FA6;
			productRefGroup = 8BAB0529270C94A500D34FA6 /* Products */;
			projectDirPath = "";
			projectRoot = "";
			targets = (
				8BAB0527270C94A500D34FA6 /* CyberAuto */,
			);
		};
/* End PBXProject section */

/* Begin PBXResourcesBuildPhase section */
		8BAB0526270C94A500D34FA6 /* Resources */ = {
			isa = PBXResourcesBuildPhase;
			buildActionMask = 2147483647;
			files = (
				8BAB0533270C94A700D34FA6 /* Preview Assets.xcassets in Resources */,
				8BAB0530270C94A700D34FA6 /* Assets.xcassets in Resources */,
			);
			runOnlyForDeploymentPostprocessing = 0;
		};
/* End PBXResourcesBuildPhase section */

/* Begin PBXSourcesBuildPhase section */
		8BAB0524270C94A500D34FA6 /* Sources */ = {
			isa = PBXSourcesBuildPhase;
			buildActionMask = 2147483647;
			files = (
				8BAB052E270C94A500D34FA6 /* ContentView.swift in Sources */,
				8BAB053B270C957300D34FA6 /* Colors.swift in Sources */,
				8B0E6C72270DFE0B00A8513C /* DashboardView .swift in Sources */,
				8BAB052C270C94A500D34FA6 /* CyberAutoApp.swift in Sources */,
				8B0E6C74270E2DAD00A8513C /* ControlView.swift in Sources */,
			);
			runOnlyForDeploymentPostprocessing = 0;
		};
/* End PBXSourcesBuildPhase section */

/* Begin XCBuildConfiguration section */
		8BAB0534270C94A700D34FA6 /* Debug */ = {
			isa = XCBuildConfiguration;
			buildSettings = {
				ALWAYS_SEARCH_USER_PATHS = NO;
				CLANG_ANALYZER_NONNULL = YES;
				CLANG_ANALYZER_NUMBER_OBJECT_CONVERSION = YES_AGGRESSIVE;
				CLANG_CXX_LANGUAGE_STANDARD = "gnu++17";
				CLANG_CXX_LIBRARY = "libc++";
				CLANG_ENABLE_MODULES = YES;
				CLANG_ENABLE_OBJC_ARC = YES;
				CLANG_ENABLE_OBJC_WEAK = YES;
				CLANG_WARN_BLOCK_CAPTURE_AUTORELEASING = YES;
				CLANG_WARN_BOOL_CONVERSION = YES;
				CLANG_WARN_COMMA = YES;
				CLANG_WARN_CONSTANT_CONVERSION = YES;
				CLANG_WARN_DEPRECATED_OBJC_IMPLEMENTATIONS = YES;
				CLANG_WARN_DIRECT_OBJC_ISA_USAGE = YES_ERROR;
				CLANG_WARN_DOCUMENTATION_COMMENTS = YES;
				CLANG_WARN_EMPTY_BODY = YES;
				CLANG_WARN_ENUM_CONVERSION = YES;
				CLANG_WARN_INFINITE_RECURSION = YES;
				CLANG_WARN_INT_CONVERSION = YES;
				CLANG_WARN_NON_LITERAL_NULL_CONVERSION = YES;
				CLANG_WARN_OBJC_IMPLICIT_RETAIN_SELF = YES;
				CLANG_WARN_OBJC_LITERAL_CONVERSION = YES;
				CLANG_WARN_OBJC_ROOT_CLASS = YES_ERROR;
				CLANG_WARN_QUOTED_INCLUDE_IN_FRAMEWORK_HEADER = YES;
				CLANG_WARN_RANGE_LOOP_ANALYSIS = YES;
				CLANG_WARN_STRICT_PROTOTYPES = YES;
				CLANG_WARN_SUSPICIOUS_MOVE = YES;
				CLANG_WARN_UNGUARDED_AVAILABILITY = YES_AGGRESSIVE;
				CLANG_WARN_UNREACHABLE_CODE = YES;
				CLANG_WARN__DUPLICATE_METHOD_MATCH = YES;
				COPY_PHASE_STRIP = NO;
				DEBUG_INFORMATION_FORMAT = dwarf;
				ENABLE_STRICT_OBJC_MSGSEND = YES;
				ENABLE_TESTABILITY = YES;
				GCC_C_LANGUAGE_STANDARD = gnu11;
				GCC_DYNAMIC_NO_PIC = NO;
				GCC_NO_COMMON_BLOCKS = YES;
				GCC_OPTIMIZATION_LEVEL = 0;
				GCC_PREPROCESSOR_DEFINITIONS = (
					"DEBUG=1",
					"$(inherited)",
				);
				GCC_WARN_64_TO_32_BIT_CONVERSION = YES;
				GCC_WARN_ABOUT_RETURN_TYPE = YES_ERROR;
				GCC_WARN_UNDECLARED_SELECTOR = YES;
				GCC_WARN_UNINITIALIZED_AUTOS = YES_AGGRESSIVE;
				GCC_WARN_UNUSED_FUNCTION = YES;
				GCC_WARN_UNUSED_VARIABLE = YES;
				IPHONEOS_DEPLOYMENT_TARGET = 15.0;
				MTL_ENABLE_DEBUG_INFO = INCLUDE_SOURCE;
				MTL_FAST_MATH = YES;
				ONLY_ACTIVE_ARCH = YES;
				SDKROOT = iphoneos;
				SWIFT_ACTIVE_COMPILATION_CONDITIONS = DEBUG;
				SWIFT_OPTIMIZATION_LEVEL = "-Onone";
			};
			name = Debug;
		};
		8BAB0535270C94A700D34FA6 /* Release */ = {
			isa = XCBuildConfiguration;
			buildSettings = {
				ALWAYS_SEARCH_USER_PATHS = NO;
				CLANG_ANALYZER_NONNULL = YES;
				CLANG_ANALYZER_NUMBER_OBJECT_CONVERSION = YES_AGGRESSIVE;
				CLANG_CXX_LANGUAGE_STANDARD = "gnu++17";
				CLANG_CXX_LIBRARY = "libc++";
				CLANG_ENABLE_MODULES = YES;
				CLANG_ENABLE_OBJC_ARC = YES;
				CLANG_ENABLE_OBJC_WEAK = YES;
				CLANG_WARN_BLOCK_CAPTURE_AUTORELEASING = YES;
				CLANG_WARN_BOOL_CONVERSION = YES;
				CLANG_WARN_COMMA = YES;
				CLANG_WARN_CONSTANT_CONVERSION = YES;
				CLANG_WARN_DEPRECATED_OBJC_IMPLEMENTATIONS = YES;
				CLANG_WARN_DIRECT_OBJC_ISA_USAGE = YES_ERROR;
				CLANG_WARN_DOCUMENTATION_COMMENTS = YES;
				CLANG_WARN_EMPTY_BODY = YES;
				CLANG_WARN_ENUM_CONVERSION = YES;
				CLANG_WARN_INFINITE_RECURSION = YES;
				CLANG_WARN_INT_CONVERSION = YES;
				CLANG_WARN_NON_LITERAL_NULL_CONVERSION = YES;
				CLANG_WARN_OBJC_IMPLICIT_RETAIN_SELF = YES;
				CLANG_WARN_OBJC_LITERAL_CONVERSION = YES;
				CLANG_WARN_OBJC_ROOT_CLASS = YES_ERROR;
				CLANG_WARN_QUOTED_INCLUDE_IN_FRAMEWORK_HEADER = YES;
				CLANG_WARN_RANGE_LOOP_ANALYSIS = YES;
				CLANG_WARN_STRICT_PROTOTYPES = YES;
				CLANG_WARN_SUSPICIOUS_MOVE = YES;
				CLANG_WARN_UNGUARDED_AVAILABILITY = YES_AGGRESSIVE;
				CLANG_WARN_UNREACHABLE_CODE = YES;
				CLANG_WARN__DUPLICATE_METHOD_MATCH = YES;
				COPY_PHASE_STRIP = NO;
				DEBUG_INFORMATION_FORMAT = "dwarf-with-dsym";
				ENABLE_NS_ASSERTIONS = NO;
				ENABLE_STRICT_OBJC_MSGSEND = YES;
				GCC_C_LANGUAGE_STANDARD = gnu11;
				GCC_NO_COMMON_BLOCKS = YES;
				GCC_WARN_64_TO_32_BIT_CONVERSION = YES;
				GCC_WARN_ABOUT_RETURN_TYPE = YES_ERROR;
				GCC_WARN_UNDECLARED_SELECTOR = YES;
				GCC_WARN_UNINITIALIZED_AUTOS = YES_AGGRESSIVE;
				GCC_WARN_UNUSED_FUNCTION = YES;
				GCC_WARN_UNUSED_VARIABLE = YES;
				IPHONEOS_DEPLOYMENT_TARGET = 15.0;
				MTL_ENABLE_DEBUG_INFO = NO;
				MTL_FAST_MATH = YES;
				SDKROOT = iphoneos;
				SWIFT_COMPILATION_MODE = wholemodule;
				SWIFT_OPTIMIZATION_LEVEL = "-O";
				VALIDATE_PRODUCT = YES;
			};
			name = Release;
		};
		8BAB0537270C94A700D34FA6 /* Debug */ = {
			isa = XCBuildConfiguration;
			buildSettings = {
				ASSETCATALOG_COMPILER_APPICON_NAME = AppIcon;
				ASSETCATALOG_COMPILER_GLOBAL_ACCENT_COLOR_NAME = AccentColor;
				CODE_SIGN_STYLE = Automatic;
				CURRENT_PROJECT_VERSION = 1;
				DEVELOPMENT_ASSET_PATHS = "\"CyberAuto/Preview Content\"";
				DEVELOPMENT_TEAM = FJL9UV3P9V;
				ENABLE_PREVIEWS = YES;
				GENERATE_INFOPLIST_FILE = YES;
				INFOPLIST_KEY_UIApplicationSceneManifest_Generation = YES;
				INFOPLIST_KEY_UIApplicationSupportsIndirectInputEvents = YES;
				INFOPLIST_KEY_UILaunchScreen_Generation = YES;
				INFOPLIST_KEY_UISupportedInterfaceOrientations_iPad = "UIInterfaceOrientationPortrait UIInterfaceOrientationPortraitUpsideDown UIInterfaceOrientationLandscapeLeft UIInterfaceOrientationLandscapeRight";
				INFOPLIST_KEY_UISupportedInterfaceOrientations_iPhone = "UIInterfaceOrientationPortrait UIInterfaceOrientationLandscapeLeft UIInterfaceOrientationLandscapeRight";
				IPHONEOS_DEPLOYMENT_TARGET = 14.0;
				LD_RUNPATH_SEARCH_PATHS = (
					"$(inherited)",
					"@executable_path/Frameworks",
				);
				MARKETING_VERSION = 1.0;
				PRODUCT_BUNDLE_IDENTIFIER = com.andrejkling.CyberAuto;
				PRODUCT_NAME = "$(TARGET_NAME)";
				SWIFT_EMIT_LOC_STRINGS = YES;
				SWIFT_VERSION = 5.0;
				TARGETED_DEVICE_FAMILY = "1,2";
			};
			name = Debug;
		};
		8BAB0538270C94A700D34FA6 /* Release */ = {
			isa = XCBuildConfiguration;
			buildSettings = {
				ASSETCATALOG_COMPILER_APPICON_NAME = AppIcon;
				ASSETCATALOG_COMPILER_GLOBAL_ACCENT_COLOR_NAME = AccentColor;
				CODE_SIGN_STYLE = Automatic;
				CURRENT_PROJECT_VERSION = 1;
				DEVELOPMENT_ASSET_PATHS = "\"CyberAuto/Preview Content\"";
				DEVELOPMENT_TEAM = FJL9UV3P9V;
				ENABLE_PREVIEWS = YES;
				GENERATE_INFOPLIST_FILE = YES;
				INFOPLIST_KEY_UIApplicationSceneManifest_Generation = YES;
				INFOPLIST_KEY_UIApplicationSupportsIndirectInputEvents = YES;
				INFOPLIST_KEY_UILaunchScreen_Generation = YES;
				INFOPLIST_KEY_UISupportedInterfaceOrientations_iPad = "UIInterfaceOrientationPortrait UIInterfaceOrientationPortraitUpsideDown UIInterfaceOrientationLandscapeLeft UIInterfaceOrientationLandscapeRight";
				INFOPLIST_KEY_UISupportedInterfaceOrientations_iPhone = "UIInterfaceOrientationPortrait UIInterfaceOrientationLandscapeLeft UIInterfaceOrientationLandscapeRight";
				IPHONEOS_DEPLOYMENT_TARGET = 14.0;
				LD_RUNPATH_SEARCH_PATHS = (
					"$(inherited)",
					"@executable_path/Frameworks",
				);
				MARKETING_VERSION = 1.0;
				PRODUCT_BUNDLE_IDENTIFIER = com.andrejkling.CyberAuto;
				PRODUCT_NAME = "$(TARGET_NAME)";
				SWIFT_EMIT_LOC_STRINGS = YES;
				SWIFT_VERSION = 5.0;
				TARGETED_DEVICE_FAMILY = "1,2";
			};
			name = Release;
		};
/* End XCBuildConfiguration section */

/* Begin XCConfigurationList section */
		8BAB0523270C94A500D34FA6 /* Build configuration list for PBXProject "CyberAuto" */ = {
			isa = XCConfigurationList;
			buildConfigurations = (
				8BAB0534270C94A700D34FA6 /* Debug */,
				8BAB0535270C94A700D34FA6 /* Release */,
			);
			defaultConfigurationIsVisible = 0;
			defaultConfigurationName = Release;
		};
		8BAB0536270C94A700D34FA6 /* Build configuration list for PBXNativeTarget "CyberAuto" */ = {
			isa = XCConfigurationList;
			buildConfigurations = (
				8BAB0537270C94A700D34FA6 /* Debug */,
				8BAB0538270C94A700D34FA6 /* Release */,
			);
			defaultConfigurationIsVisible = 0;
			defaultConfigurationName = Release;
		};
/* End XCConfigurationList section */
	};
	rootObject = 8BAB0520270C94A500D34FA6 /* Project object */;
}
